
Microsoft Visual Studio Solution File, Format Version 12.00
# Visual Studio Version 17
VisualStudioVersion = 17.5.002.0
MinimumVisualStudioVersion = 10.0.40219.1
Project("{9A19103F-16F7-4668-BE54-9A1E7A4F7556}") = "controlWork", "controlWork.csproj", "{D8677C9A-98B1-46E1-826F-30C6D9F51762}"
EndProject
Global
	GlobalSection(SolutionConfigurationPlatforms) = preSolution
		Debug|Any CPU = Debug|Any CPU
		Release|Any CPU = Release|Any CPU
	EndGlobalSection
	GlobalSection(ProjectConfigurationPlatforms) = postSolution
		{D8677C9A-98B1-46E1-826F-30C6D9F51762}.Debug|Any CPU.ActiveCfg = Debug|Any CPU
		{D8677C9A-98B1-46E1-826F-30C6D9F51762}.Debug|Any CPU.Build.0 = Debug|Any CPU
		{D8677C9A-98B1-46E1-826F-30C6D9F51762}.Release|Any CPU.ActiveCfg = Release|Any CPU
		{D8677C9A-98B1-46E1-826F-30C6D9F51762}.Release|Any CPU.Build.0 = Release|Any CPU
	EndGlobalSection
	GlobalSection(SolutionProperties) = preSolution
		HideSolutionNode = FALSE
	EndGlobalSection
	GlobalSection(ExtensibilityGlobals) = postSolution
		SolutionGuid = {CAE7B560-8E6D-46AD-937A-68C5004E4EF7}
	EndGlobalSection
EndGlobal
